// !$*UTF8*$!
{
	archiveVersion = 1;
	classes = {
	};
	objectVersion = 46;
	objects = {

/* Begin PBXBuildFile section */
		841F768B1BD83ABD009CCD65 /* NewRestaurantController.swift in Sources */ = {isa = PBXBuildFile; fileRef = 841F768A1BD83ABD009CCD65 /* NewRestaurantController.swift */; };
		841F76AD1BD84B26009CCD65 /* Main.storyboard in Resources */ = {isa = PBXBuildFile; fileRef = 841F76AC1BD84B26009CCD65 /* Main.storyboard */; };
		8422068B1BDEB7EA003878AB /* ReviewController.swift in Sources */ = {isa = PBXBuildFile; fileRef = 8422068A1BDEB7EA003878AB /* ReviewController.swift */; settings = {ASSET_TAGS = (); }; };
		843FEE891BD40E4C00A34386 /* Hepler.swift in Sources */ = {isa = PBXBuildFile; fileRef = 843FEE881BD40E4C00A34386 /* Hepler.swift */; };
		D016A61F1BD9386F00091C35 /* RestaurantController.swift in Sources */ = {isa = PBXBuildFile; fileRef = D016A61E1BD9386F00091C35 /* RestaurantController.swift */; };
		D08B0EE41BD000D70015460C /* AppDelegate.swift in Sources */ = {isa = PBXBuildFile; fileRef = D08B0EE31BD000D70015460C /* AppDelegate.swift */; };
		D08B0EE61BD000D70015460C /* RestaurantsController.swift in Sources */ = {isa = PBXBuildFile; fileRef = D08B0EE51BD000D70015460C /* RestaurantsController.swift */; };
		D08B0EE81BD000D70015460C /* SecondViewController.swift in Sources */ = {isa = PBXBuildFile; fileRef = D08B0EE71BD000D70015460C /* SecondViewController.swift */; };
		D08B0EED1BD000D70015460C /* Images.xcassets in Resources */ = {isa = PBXBuildFile; fileRef = D08B0EEC1BD000D70015460C /* Images.xcassets */; };
		D08B0EF01BD000D80015460C /* LaunchScreen.xib in Resources */ = {isa = PBXBuildFile; fileRef = D08B0EEE1BD000D80015460C /* LaunchScreen.xib */; };
		D08B0EFC1BD000D80015460C /* TipsCalculatorMobileTests.swift in Sources */ = {isa = PBXBuildFile; fileRef = D08B0EFB1BD000D80015460C /* TipsCalculatorMobileTests.swift */; };
		D08B0F061BD0010E0015460C /* Model.swift in Sources */ = {isa = PBXBuildFile; fileRef = D08B0F051BD0010E0015460C /* Model.swift */; };
/* End PBXBuildFile section */

/* Begin PBXContainerItemProxy section */
		D08B0EF61BD000D80015460C /* PBXContainerItemProxy */ = {
			isa = PBXContainerItemProxy;
			containerPortal = D08B0ED61BD000D70015460C /* Project object */;
			proxyType = 1;
			remoteGlobalIDString = D08B0EDD1BD000D70015460C;
			remoteInfo = TipsCalculatorMobile;
		};
/* End PBXContainerItemProxy section */

/* Begin PBXFileReference section */
		841F768A1BD83ABD009CCD65 /* NewRestaurantController.swift */ = {isa = PBXFileReference; fileEncoding = 4; lastKnownFileType = sourcecode.swift; path = NewRestaurantController.swift; sourceTree = "<group>"; };
		841F76AC1BD84B26009CCD65 /* Main.storyboard */ = {isa = PBXFileReference; fileEncoding = 4; lastKnownFileType = file.storyboard; path = Main.storyboard; sourceTree = "<group>"; };
		8422068A1BDEB7EA003878AB /* ReviewController.swift */ = {isa = PBXFileReference; fileEncoding = 4; lastKnownFileType = sourcecode.swift; path = ReviewController.swift; sourceTree = "<group>"; };
		843FEE881BD40E4C00A34386 /* Hepler.swift */ = {isa = PBXFileReference; fileEncoding = 4; lastKnownFileType = sourcecode.swift; path = Hepler.swift; sourceTree = "<group>"; };
		D016A61E1BD9386F00091C35 /* RestaurantController.swift */ = {isa = PBXFileReference; fileEncoding = 4; lastKnownFileType = sourcecode.swift; path = RestaurantController.swift; sourceTree = "<group>"; };
		D08B0EDE1BD000D70015460C /* TipsCalculatorMobile.app */ = {isa = PBXFileReference; explicitFileType = wrapper.application; includeInIndex = 0; path = TipsCalculatorMobile.app; sourceTree = BUILT_PRODUCTS_DIR; };
		D08B0EE21BD000D70015460C /* Info.plist */ = {isa = PBXFileReference; lastKnownFileType = text.plist.xml; path = Info.plist; sourceTree = "<group>"; };
		D08B0EE31BD000D70015460C /* AppDelegate.swift */ = {isa = PBXFileReference; lastKnownFileType = sourcecode.swift; path = AppDelegate.swift; sourceTree = "<group>"; };
		D08B0EE51BD000D70015460C /* RestaurantsController.swift */ = {isa = PBXFileReference; lastKnownFileType = sourcecode.swift; path = RestaurantsController.swift; sourceTree = "<group>"; };
		D08B0EE71BD000D70015460C /* SecondViewController.swift */ = {isa = PBXFileReference; lastKnownFileType = sourcecode.swift; path = SecondViewController.swift; sourceTree = "<group>"; };
		D08B0EEC1BD000D70015460C /* Images.xcassets */ = {isa = PBXFileReference; lastKnownFileType = folder.assetcatalog; path = Images.xcassets; sourceTree = "<group>"; };
		D08B0EEF1BD000D80015460C /* Base */ = {isa = PBXFileReference; lastKnownFileType = file.xib; name = Base; path = Base.lproj/LaunchScreen.xib; sourceTree = "<group>"; };
		D08B0EF51BD000D80015460C /* TipsCalculatorMobileTests.xctest */ = {isa = PBXFileReference; explicitFileType = wrapper.cfbundle; includeInIndex = 0; path = TipsCalculatorMobileTests.xctest; sourceTree = BUILT_PRODUCTS_DIR; };
		D08B0EFA1BD000D80015460C /* Info.plist */ = {isa = PBXFileReference; lastKnownFileType = text.plist.xml; path = Info.plist; sourceTree = "<group>"; };
		D08B0EFB1BD000D80015460C /* TipsCalculatorMobileTests.swift */ = {isa = PBXFileReference; lastKnownFileType = sourcecode.swift; path = TipsCalculatorMobileTests.swift; sourceTree = "<group>"; };
		D08B0F051BD0010E0015460C /* Model.swift */ = {isa = PBXFileReference; fileEncoding = 4; lastKnownFileType = sourcecode.swift; path = Model.swift; sourceTree = "<group>"; };
/* End PBXFileReference section */

/* Begin PBXFrameworksBuildPhase section */
		D08B0EDB1BD000D70015460C /* Frameworks */ = {
			isa = PBXFrameworksBuildPhase;
			buildActionMask = 2147483647;
			files = (
			);
			runOnlyForDeploymentPostprocessing = 0;
		};
		D08B0EF21BD000D80015460C /* Frameworks */ = {
			isa = PBXFrameworksBuildPhase;
			buildActionMask = 2147483647;
			files = (
			);
			runOnlyForDeploymentPostprocessing = 0;
		};
/* End PBXFrameworksBuildPhase section */

/* Begin PBXGroup section */
		D08B0ED51BD000D70015460C = {
			isa = PBXGroup;
			children = (
				D08B0EE01BD000D70015460C /* TipsCalculatorMobile */,
				D08B0EF81BD000D80015460C /* TipsCalculatorMobileTests */,
				D08B0EDF1BD000D70015460C /* Products */,
			);
			sourceTree = "<group>";
		};
		D08B0EDF1BD000D70015460C /* Products */ = {
			isa = PBXGroup;
			children = (
				D08B0EDE1BD000D70015460C /* TipsCalculatorMobile.app */,
				D08B0EF51BD000D80015460C /* TipsCalculatorMobileTests.xctest */,
			);
			name = Products;
			sourceTree = "<group>";
		};
		D08B0EE01BD000D70015460C /* TipsCalculatorMobile */ = {
			isa = PBXGroup;
			children = (
				D08B0EE31BD000D70015460C /* AppDelegate.swift */,
				843FEE881BD40E4C00A34386 /* Hepler.swift */,
				D08B0F051BD0010E0015460C /* Model.swift */,
				841F768A1BD83ABD009CCD65 /* NewRestaurantController.swift */,
				8422068A1BDEB7EA003878AB /* ReviewController.swift */,
				D016A61E1BD9386F00091C35 /* RestaurantController.swift */,
				D08B0EE51BD000D70015460C /* RestaurantsController.swift */,
				D08B0EE71BD000D70015460C /* SecondViewController.swift */,
				841F76AC1BD84B26009CCD65 /* Main.storyboard */,
				D08B0EEC1BD000D70015460C /* Images.xcassets */,
				D08B0EEE1BD000D80015460C /* LaunchScreen.xib */,
				D08B0EE11BD000D70015460C /* Supporting Files */,
			);
			path = TipsCalculatorMobile;
			sourceTree = "<group>";
		};
		D08B0EE11BD000D70015460C /* Supporting Files */ = {
			isa = PBXGroup;
			children = (
				D08B0EE21BD000D70015460C /* Info.plist */,
			);
			name = "Supporting Files";
			sourceTree = "<group>";
		};
		D08B0EF81BD000D80015460C /* TipsCalculatorMobileTests */ = {
			isa = PBXGroup;
			children = (
				D08B0EFB1BD000D80015460C /* TipsCalculatorMobileTests.swift */,
				D08B0EF91BD000D80015460C /* Supporting Files */,
			);
			path = TipsCalculatorMobileTests;
			sourceTree = "<group>";
		};
		D08B0EF91BD000D80015460C /* Supporting Files */ = {
			isa = PBXGroup;
			children = (
				D08B0EFA1BD000D80015460C /* Info.plist */,
			);
			name = "Supporting Files";
			sourceTree = "<group>";
		};
/* End PBXGroup section */

/* Begin PBXNativeTarget section */
		D08B0EDD1BD000D70015460C /* TipsCalculatorMobile */ = {
			isa = PBXNativeTarget;
			buildConfigurationList = D08B0EFF1BD000D80015460C /* Build configuration list for PBXNativeTarget "TipsCalculatorMobile" */;
			buildPhases = (
				D08B0EDA1BD000D70015460C /* Sources */,
				D08B0EDB1BD000D70015460C /* Frameworks */,
				D08B0EDC1BD000D70015460C /* Resources */,
			);
			buildRules = (
			);
			dependencies = (
			);
			name = TipsCalculatorMobile;
			productName = TipsCalculatorMobile;
			productReference = D08B0EDE1BD000D70015460C /* TipsCalculatorMobile.app */;
			productType = "com.apple.product-type.application";
		};
		D08B0EF41BD000D80015460C /* TipsCalculatorMobileTests */ = {
			isa = PBXNativeTarget;
			buildConfigurationList = D08B0F021BD000D80015460C /* Build configuration list for PBXNativeTarget "TipsCalculatorMobileTests" */;
			buildPhases = (
				D08B0EF11BD000D80015460C /* Sources */,
				D08B0EF21BD000D80015460C /* Frameworks */,
				D08B0EF31BD000D80015460C /* Resources */,
			);
			buildRules = (
			);
			dependencies = (
				D08B0EF71BD000D80015460C /* PBXTargetDependency */,
			);
			name = TipsCalculatorMobileTests;
			productName = TipsCalculatorMobileTests;
			productReference = D08B0EF51BD000D80015460C /* TipsCalculatorMobileTests.xctest */;
			productType = "com.apple.product-type.bundle.unit-test";
		};
/* End PBXNativeTarget section */

/* Begin PBXProject section */
		D08B0ED61BD000D70015460C /* Project object */ = {
			isa = PBXProject;
			attributes = {
				LastSwiftUpdateCheck = 0700;
				LastUpgradeCheck = 0700;
				ORGANIZATIONNAME = fpmi;
				TargetAttributes = {
					D08B0EDD1BD000D70015460C = {
						CreatedOnToolsVersion = 6.2;
					};
					D08B0EF41BD000D80015460C = {
						CreatedOnToolsVersion = 6.2;
						TestTargetID = D08B0EDD1BD000D70015460C;
					};
				};
			};
			buildConfigurationList = D08B0ED91BD000D70015460C /* Build configuration list for PBXProject "TipsCalculatorMobile" */;
			compatibilityVersion = "Xcode 3.2";
			developmentRegion = English;
			hasScannedForEncodings = 0;
			knownRegions = (
				en,
				Base,
			);
			mainGroup = D08B0ED51BD000D70015460C;
			productRefGroup = D08B0EDF1BD000D70015460C /* Products */;
			projectDirPath = "";
			projectRoot = "";
			targets = (
				D08B0EDD1BD000D70015460C /* TipsCalculatorMobile */,
				D08B0EF41BD000D80015460C /* TipsCalculatorMobileTests */,
			);
		};
/* End PBXProject section */

/* Begin PBXResourcesBuildPhase section */
		D08B0EDC1BD000D70015460C /* Resources */ = {
			isa = PBXResourcesBuildPhase;
			buildActionMask = 2147483647;
			files = (
				841F76AD1BD84B26009CCD65 /* Main.storyboard in Resources */,
				D08B0EF01BD000D80015460C /* LaunchScreen.xib in Resources */,
				D08B0EED1BD000D70015460C /* Images.xcassets in Resources */,
			);
			runOnlyForDeploymentPostprocessing = 0;
		};
		D08B0EF31BD000D80015460C /* Resources */ = {
			isa = PBXResourcesBuildPhase;
			buildActionMask = 2147483647;
			files = (
			);
			runOnlyForDeploymentPostprocessing = 0;
		};
/* End PBXResourcesBuildPhase section */

/* Begin PBXSourcesBuildPhase section */
		D08B0EDA1BD000D70015460C /* Sources */ = {
			isa = PBXSourcesBuildPhase;
			buildActionMask = 2147483647;
			files = (
				D08B0EE81BD000D70015460C /* SecondViewController.swift in Sources */,
				D016A61F1BD9386F00091C35 /* RestaurantController.swift in Sources */,
				841F768B1BD83ABD009CCD65 /* NewRestaurantController.swift in Sources */,
				843FEE891BD40E4C00A34386 /* Hepler.swift in Sources */,
				D08B0EE41BD000D70015460C /* AppDelegate.swift in Sources */,
				D08B0F061BD0010E0015460C /* Model.swift in Sources */,
				D08B0EE61BD000D70015460C /* RestaurantsController.swift in Sources */,
				8422068B1BDEB7EA003878AB /* ReviewController.swift in Sources */,
			);
			runOnlyForDeploymentPostprocessing = 0;
		};
		D08B0EF11BD000D80015460C /* Sources */ = {
			isa = PBXSourcesBuildPhase;
			buildActionMask = 2147483647;
			files = (
				D08B0EFC1BD000D80015460C /* TipsCalculatorMobileTests.swift in Sources */,
			);
			runOnlyForDeploymentPostprocessing = 0;
		};
/* End PBXSourcesBuildPhase section */

/* Begin PBXTargetDependency section */
		D08B0EF71BD000D80015460C /* PBXTargetDependency */ = {
			isa = PBXTargetDependency;
			target = D08B0EDD1BD000D70015460C /* TipsCalculatorMobile */;
			targetProxy = D08B0EF61BD000D80015460C /* PBXContainerItemProxy */;
		};
/* End PBXTargetDependency section */

/* Begin PBXVariantGroup section */
		D08B0EEE1BD000D80015460C /* LaunchScreen.xib */ = {
			isa = PBXVariantGroup;
			children = (
				D08B0EEF1BD000D80015460C /* Base */,
			);
			name = LaunchScreen.xib;
			sourceTree = "<group>";
		};
/* End PBXVariantGroup section */

/* Begin XCBuildConfiguration section */
		D08B0EFD1BD000D80015460C /* Debug */ = {
			isa = XCBuildConfiguration;
			buildSettings = {
				ALWAYS_SEARCH_USER_PATHS = NO;
				CLANG_CXX_LANGUAGE_STANDARD = "gnu++0x";
				CLANG_CXX_LIBRARY = "libc++";
				CLANG_ENABLE_MODULES = YES;
				CLANG_ENABLE_OBJC_ARC = YES;
				CLANG_WARN_BOOL_CONVERSION = YES;
				CLANG_WARN_CONSTANT_CONVERSION = YES;
				CLANG_WARN_DIRECT_OBJC_ISA_USAGE = YES_ERROR;
				CLANG_WARN_EMPTY_BODY = YES;
				CLANG_WARN_ENUM_CONVERSION = YES;
				CLANG_WARN_INT_CONVERSION = YES;
				CLANG_WARN_OBJC_ROOT_CLASS = YES_ERROR;
				CLANG_WARN_UNREACHABLE_CODE = YES;
				CLANG_WARN__DUPLICATE_METHOD_MATCH = YES;
				"CODE_SIGN_IDENTITY[sdk=iphoneos*]" = "iPhone Developer";
				COPY_PHASE_STRIP = NO;
				ENABLE_STRICT_OBJC_MSGSEND = YES;
				ENABLE_TESTABILITY = YES;
				GCC_C_LANGUAGE_STANDARD = gnu99;
				GCC_DYNAMIC_NO_PIC = NO;
				GCC_OPTIMIZATION_LEVEL = 0;
				GCC_PREPROCESSOR_DEFINITIONS = (
					"DEBUG=1",
					"$(inherited)",
				);
				GCC_SYMBOLS_PRIVATE_EXTERN = NO;
				GCC_WARN_64_TO_32_BIT_CONVERSION = YES;
				GCC_WARN_ABOUT_RETURN_TYPE = YES_ERROR;
				GCC_WARN_UNDECLARED_SELECTOR = YES;
				GCC_WARN_UNINITIALIZED_AUTOS = YES_AGGRESSIVE;
				GCC_WARN_UNUSED_FUNCTION = YES;
				GCC_WARN_UNUSED_VARIABLE = YES;
				IPHONEOS_DEPLOYMENT_TARGET = 8.2;
				MTL_ENABLE_DEBUG_INFO = YES;
				ONLY_ACTIVE_ARCH = YES;
				SDKROOT = iphoneos;
				SWIFT_OPTIMIZATION_LEVEL = "-Onone";
			};
			name = Debug;
		};
		D08B0EFE1BD000D80015460C /* Release */ = {
			isa = XCBuildConfiguration;
			buildSettings = {
				ALWAYS_SEARCH_USER_PATHS = NO;
				CLANG_CXX_LANGUAGE_STANDARD = "gnu++0x";
				CLANG_CXX_LIBRARY = "libc++";
				CLANG_ENABLE_MODULES = YES;
				CLANG_ENABLE_OBJC_ARC = YES;
				CLANG_WARN_BOOL_CONVERSION = YES;
				CLANG_WARN_CONSTANT_CONVERSION = YES;
				CLANG_WARN_DIRECT_OBJC_ISA_USAGE = YES_ERROR;
				CLANG_WARN_EMPTY_BODY = YES;
				CLANG_WARN_ENUM_CONVERSION = YES;
				CLANG_WARN_INT_CONVERSION = YES;
				CLANG_WARN_OBJC_ROOT_CLASS = YES_ERROR;
				CLANG_WARN_UNREACHABLE_CODE = YES;
				CLANG_WARN__DUPLICATE_METHOD_MATCH = YES;
				"CODE_SIGN_IDENTITY[sdk=iphoneos*]" = "iPhone Developer";
				COPY_PHASE_STRIP = NO;
				ENABLE_NS_ASSERTIONS = NO;
				ENABLE_STRICT_OBJC_MSGSEND = YES;
				GCC_C_LANGUAGE_STANDARD = gnu99;
				GCC_WARN_64_TO_32_BIT_CONVERSION = YES;
				GCC_WARN_ABOUT_RETURN_TYPE = YES_ERROR;
				GCC_WARN_UNDECLARED_SELECTOR = YES;
				GCC_WARN_UNINITIALIZED_AUTOS = YES_AGGRESSIVE;
				GCC_WARN_UNUSED_FUNCTION = YES;
				GCC_WARN_UNUSED_VARIABLE = YES;
				IPHONEOS_DEPLOYMENT_TARGET = 8.2;
				MTL_ENABLE_DEBUG_INFO = NO;
				SDKROOT = iphoneos;
				VALIDATE_PRODUCT = YES;
			};
			name = Release;
		};
		D08B0F001BD000D80015460C /* Debug */ = {
			isa = XCBuildConfiguration;
			buildSettings = {
				ASSETCATALOG_COMPILER_APPICON_NAME = AppIcon;
				INFOPLIST_FILE = TipsCalculatorMobile/Info.plist;
				LD_RUNPATH_SEARCH_PATHS = "$(inherited) @executable_path/Frameworks";
				PRODUCT_BUNDLE_IDENTIFIER = "by.bsu.fpmi.$(PRODUCT_NAME:rfc1034identifier)";
				PRODUCT_NAME = "$(TARGET_NAME)";
			};
			name = Debug;
		};
		D08B0F011BD000D80015460C /* Release */ = {
			isa = XCBuildConfiguration;
			buildSettings = {
				ASSETCATALOG_COMPILER_APPICON_NAME = AppIcon;
				INFOPLIST_FILE = TipsCalculatorMobile/Info.plist;
				LD_RUNPATH_SEARCH_PATHS = "$(inherited) @executable_path/Frameworks";
				PRODUCT_BUNDLE_IDENTIFIER = "by.bsu.fpmi.$(PRODUCT_NAME:rfc1034identifier)";
				PRODUCT_NAME = "$(TARGET_NAME)";
			};
			name = Release;
		};
		D08B0F031BD000D80015460C /* Debug */ = {
			isa = XCBuildConfiguration;
			buildSettings = {
				BUNDLE_LOADER = "$(TEST_HOST)";
				FRAMEWORK_SEARCH_PATHS = (
					"$(SDKROOT)/Developer/Library/Frameworks",
					"$(inherited)",
				);
				GCC_PREPROCESSOR_DEFINITIONS = (
					"DEBUG=1",
					"$(inherited)",
				);
				INFOPLIST_FILE = TipsCalculatorMobileTests/Info.plist;
				LD_RUNPATH_SEARCH_PATHS = "$(inherited) @executable_path/Frameworks @loader_path/Frameworks";
				PRODUCT_BUNDLE_IDENTIFIER = "by.bsu.fpmi.$(PRODUCT_NAME:rfc1034identifier)";
				PRODUCT_NAME = "$(TARGET_NAME)";
				TEST_HOST = "$(BUILT_PRODUCTS_DIR)/TipsCalculatorMobile.app/TipsCalculatorMobile";
			};
			name = Debug;
		};
		D08B0F041BD000D80015460C /* Release */ = {
			isa = XCBuildConfiguration;
			buildSettings = {
				BUNDLE_LOADER = "$(TEST_HOST)";
				FRAMEWORK_SEARCH_PATHS = (
					"$(SDKROOT)/Developer/Library/Frameworks",
					"$(inherited)",
				);
				INFOPLIST_FILE = TipsCalculatorMobileTests/Info.plist;
				LD_RUNPATH_SEARCH_PATHS = "$(inherited) @executable_path/Frameworks @loader_path/Frameworks";
				PRODUCT_BUNDLE_IDENTIFIER = "by.bsu.fpmi.$(PRODUCT_NAME:rfc1034identifier)";
				PRODUCT_NAME = "$(TARGET_NAME)";
				TEST_HOST = "$(BUILT_PRODUCTS_DIR)/TipsCalculatorMobile.app/TipsCalculatorMobile";
			};
			name = Release;
		};
/* End XCBuildConfiguration section */

/* Begin XCConfigurationList section */
		D08B0ED91BD000D70015460C /* Build configuration list for PBXProject "TipsCalculatorMobile" */ = {
			isa = XCConfigurationList;
			buildConfigurations = (
				D08B0EFD1BD000D80015460C /* Debug */,
				D08B0EFE1BD000D80015460C /* Release */,
			);
			defaultConfigurationIsVisible = 0;
			defaultConfigurationName = Release;
		};
		D08B0EFF1BD000D80015460C /* Build configuration list for PBXNativeTarget "TipsCalculatorMobile" */ = {
			isa = XCConfigurationList;
			buildConfigurations = (
				D08B0F001BD000D80015460C /* Debug */,
				D08B0F011BD000D80015460C /* Release */,
			);
			defaultConfigurationIsVisible = 0;
			defaultConfigurationName = Release;
		};
		D08B0F021BD000D80015460C /* Build configuration list for PBXNativeTarget "TipsCalculatorMobileTests" */ = {
			isa = XCConfigurationList;
			buildConfigurations = (
				D08B0F031BD000D80015460C /* Debug */,
				D08B0F041BD000D80015460C /* Release */,
			);
			defaultConfigurationIsVisible = 0;
			defaultConfigurationName = Release;
		};
/* End XCConfigurationList section */
	};
	rootObject = D08B0ED61BD000D70015460C /* Project object */;
}
